
Microsoft Visual Studio Solution File, Format Version 12.00
# Visual Studio Version 16
VisualStudioVersion = 16.0.30717.126
MinimumVisualStudioVersion = 10.0.40219.1
Project("{FAE04EC0-301F-11D3-BF4B-00C04F79EFBC}") = "Druty", "Druty\Druty.csproj", "{19AC9A15-753B-4364-A978-CC6CA08A1BBC}"
EndProject
Global
	GlobalSection(SolutionConfigurationPlatforms) = preSolution
		Debug|Any CPU = Debug|Any CPU
		Release|Any CPU = Release|Any CPU
	EndGlobalSection
	GlobalSection(ProjectConfigurationPlatforms) = postSolution
		{19AC9A15-753B-4364-A978-CC6CA08A1BBC}.Debug|Any CPU.ActiveCfg = Debug|Any CPU
		{19AC9A15-753B-4364-A978-CC6CA08A1BBC}.Debug|Any CPU.Build.0 = Debug|Any CPU
		{19AC9A15-753B-4364-A978-CC6CA08A1BBC}.Release|Any CPU.ActiveCfg = Release|Any CPU
		{19AC9A15-753B-4364-A978-CC6CA08A1BBC}.Release|Any CPU.Build.0 = Release|Any CPU
	EndGlobalSection
	GlobalSection(SolutionProperties) = preSolution
		HideSolutionNode = FALSE
	EndGlobalSection
	GlobalSection(ExtensibilityGlobals) = postSolution
		SolutionGuid = {E621060E-FADB-4A25-8103-1B228CD28982}
	EndGlobalSection
EndGlobal
